// !$*UTF8*$!
{
	archiveVersion = 1;
	classes = {
	};
	objectVersion = 48;
	objects = {

/* Begin PBXBuildFile section */
		CC655BAF20ADE3BA0010336C /* AppDelegate.m in Sources */ = {isa = PBXBuildFile; fileRef = CC655BAE20ADE3BA0010336C /* AppDelegate.m */; };
		CC655BB220ADE3BA0010336C /* ViewController.m in Sources */ = {isa = PBXBuildFile; fileRef = CC655BB120ADE3BA0010336C /* ViewController.m */; };
		CC655BB520ADE3BA0010336C /* Main.storyboard in Resources */ = {isa = PBXBuildFile; fileRef = CC655BB320ADE3BA0010336C /* Main.storyboard */; };
		CC655BB720ADE3BA0010336C /* Assets.xcassets in Resources */ = {isa = PBXBuildFile; fileRef = CC655BB620ADE3BA0010336C /* Assets.xcassets */; };
		CC655BBA20ADE3BA0010336C /* LaunchScreen.storyboard in Resources */ = {isa = PBXBuildFile; fileRef = CC655BB820ADE3BA0010336C /* LaunchScreen.storyboard */; };
		CC655BBD20ADE3BA0010336C /* main.m in Sources */ = {isa = PBXBuildFile; fileRef = CC655BBC20ADE3BA0010336C /* main.m */; };
		CC655BC620ADEB8C0010336C /* ToDoListViewController.m in Sources */ = {isa = PBXBuildFile; fileRef = CC655BC420ADEB8C0010336C /* ToDoListViewController.m */; };
		CC655BCB20ADEBA80010336C /* MyListsViewController.m in Sources */ = {isa = PBXBuildFile; fileRef = CC655BC920ADEBA80010336C /* MyListsViewController.m */; };
		CC655BCC20ADEBA80010336C /* MyListsViewController.xib in Resources */ = {isa = PBXBuildFile; fileRef = CC655BCA20ADEBA80010336C /* MyListsViewController.xib */; };
		CC655BD120ADF09D0010336C /* ToDoItemTableViewCell.m in Sources */ = {isa = PBXBuildFile; fileRef = CC655BCF20ADF09D0010336C /* ToDoItemTableViewCell.m */; };
		CC655BD220ADF09D0010336C /* ToDoItemTableViewCell.xib in Resources */ = {isa = PBXBuildFile; fileRef = CC655BD020ADF09D0010336C /* ToDoItemTableViewCell.xib */; };
		CC655BD620ADF16C0010336C /* ToDoItem.m in Sources */ = {isa = PBXBuildFile; fileRef = CC655BD520ADF16C0010336C /* ToDoItem.m */; };
		CC655BDF20AE10960010336C /* ToDoItemViewController.m in Sources */ = {isa = PBXBuildFile; fileRef = CC655BDD20AE10960010336C /* ToDoItemViewController.m */; };
		CC655BE020AE10960010336C /* ToDoItemViewController.xib in Resources */ = {isa = PBXBuildFile; fileRef = CC655BDE20AE10960010336C /* ToDoItemViewController.xib */; };
		CC655BF520AE27670010336C /* OFL.txt in Resources */ = {isa = PBXBuildFile; fileRef = CC655BE220AE27650010336C /* OFL.txt */; };
		CC655BF620AE27670010336C /* Raleway-ExtraLightItalic.ttf in Resources */ = {isa = PBXBuildFile; fileRef = CC655BE320AE27650010336C /* Raleway-ExtraLightItalic.ttf */; };
		CC655BF720AE27670010336C /* Raleway-BoldItalic.ttf in Resources */ = {isa = PBXBuildFile; fileRef = CC655BE420AE27650010336C /* Raleway-BoldItalic.ttf */; };
		CC655BF820AE27670010336C /* Raleway-MediumItalic.ttf in Resources */ = {isa = PBXBuildFile; fileRef = CC655BE520AE27650010336C /* Raleway-MediumItalic.ttf */; };
		CC655BF920AE27670010336C /* Raleway-ExtraBoldItalic.ttf in Resources */ = {isa = PBXBuildFile; fileRef = CC655BE620AE27650010336C /* Raleway-ExtraBoldItalic.ttf */; };
		CC655BFA20AE27670010336C /* Raleway-Black.ttf in Resources */ = {isa = PBXBuildFile; fileRef = CC655BE720AE27650010336C /* Raleway-Black.ttf */; };
		CC655BFB20AE27670010336C /* Raleway-Regular.ttf in Resources */ = {isa = PBXBuildFile; fileRef = CC655BE820AE27650010336C /* Raleway-Regular.ttf */; };
		CC655BFC20AE27670010336C /* Raleway-ExtraBold.ttf in Resources */ = {isa = PBXBuildFile; fileRef = CC655BE920AE27660010336C /* Raleway-ExtraBold.ttf */; };
		CC655BFD20AE27670010336C /* Raleway-SemiBoldItalic.ttf in Resources */ = {isa = PBXBuildFile; fileRef = CC655BEA20AE27660010336C /* Raleway-SemiBoldItalic.ttf */; };
		CC655BFE20AE27670010336C /* Raleway-BlackItalic.ttf in Resources */ = {isa = PBXBuildFile; fileRef = CC655BEB20AE27660010336C /* Raleway-BlackItalic.ttf */; };
		CC655BFF20AE27670010336C /* Raleway-Bold.ttf in Resources */ = {isa = PBXBuildFile; fileRef = CC655BEC20AE27660010336C /* Raleway-Bold.ttf */; };
		CC655C0020AE27670010336C /* Raleway-Thin.ttf in Resources */ = {isa = PBXBuildFile; fileRef = CC655BED20AE27660010336C /* Raleway-Thin.ttf */; };
		CC655C0120AE27670010336C /* Raleway-ExtraLight.ttf in Resources */ = {isa = PBXBuildFile; fileRef = CC655BEE20AE27660010336C /* Raleway-ExtraLight.ttf */; };
		CC655C0220AE27670010336C /* Raleway-Medium.ttf in Resources */ = {isa = PBXBuildFile; fileRef = CC655BEF20AE27660010336C /* Raleway-Medium.ttf */; };
		CC655C0320AE27670010336C /* Raleway-SemiBold.ttf in Resources */ = {isa = PBXBuildFile; fileRef = CC655BF020AE27660010336C /* Raleway-SemiBold.ttf */; };
		CC655C0420AE27670010336C /* Raleway-ThinItalic.ttf in Resources */ = {isa = PBXBuildFile; fileRef = CC655BF120AE27660010336C /* Raleway-ThinItalic.ttf */; };
		CC655C0520AE27670010336C /* Raleway-Light.ttf in Resources */ = {isa = PBXBuildFile; fileRef = CC655BF220AE27670010336C /* Raleway-Light.ttf */; };
		CC655C0620AE27670010336C /* Raleway-Italic.ttf in Resources */ = {isa = PBXBuildFile; fileRef = CC655BF320AE27670010336C /* Raleway-Italic.ttf */; };
		CC655C0720AE27670010336C /* Raleway-LightItalic.ttf in Resources */ = {isa = PBXBuildFile; fileRef = CC655BF420AE27670010336C /* Raleway-LightItalic.ttf */; };
		CC655C0A20AE38AB0010336C /* Utilities.m in Sources */ = {isa = PBXBuildFile; fileRef = CC655C0920AE38AB0010336C /* Utilities.m */; };
		CC655C0E20AE7A090010336C /* NoMoreToDosTableViewCell.m in Sources */ = {isa = PBXBuildFile; fileRef = CC655C0C20AE7A090010336C /* NoMoreToDosTableViewCell.m */; };
		CC655C0F20AE7A090010336C /* NoMoreToDosTableViewCell.xib in Resources */ = {isa = PBXBuildFile; fileRef = CC655C0D20AE7A090010336C /* NoMoreToDosTableViewCell.xib */; };
/* End PBXBuildFile section */

/* Begin PBXFileReference section */
		CC655BAA20ADE3B90010336C /* ToDoApp.app */ = {isa = PBXFileReference; explicitFileType = wrapper.application; includeInIndex = 0; path = ToDoApp.app; sourceTree = BUILT_PRODUCTS_DIR; };
		CC655BAD20ADE3BA0010336C /* AppDelegate.h */ = {isa = PBXFileReference; lastKnownFileType = sourcecode.c.h; path = AppDelegate.h; sourceTree = "<group>"; };
		CC655BAE20ADE3BA0010336C /* AppDelegate.m */ = {isa = PBXFileReference; lastKnownFileType = sourcecode.c.objc; path = AppDelegate.m; sourceTree = "<group>"; };
		CC655BB020ADE3BA0010336C /* ViewController.h */ = {isa = PBXFileReference; lastKnownFileType = sourcecode.c.h; path = ViewController.h; sourceTree = "<group>"; };
		CC655BB120ADE3BA0010336C /* ViewController.m */ = {isa = PBXFileReference; lastKnownFileType = sourcecode.c.objc; path = ViewController.m; sourceTree = "<group>"; };
		CC655BB420ADE3BA0010336C /* Base */ = {isa = PBXFileReference; lastKnownFileType = file.storyboard; name = Base; path = Base.lproj/Main.storyboard; sourceTree = "<group>"; };
		CC655BB620ADE3BA0010336C /* Assets.xcassets */ = {isa = PBXFileReference; lastKnownFileType = folder.assetcatalog; path = Assets.xcassets; sourceTree = "<group>"; };
		CC655BB920ADE3BA0010336C /* Base */ = {isa = PBXFileReference; lastKnownFileType = file.storyboard; name = Base; path = Base.lproj/LaunchScreen.storyboard; sourceTree = "<group>"; };
		CC655BBB20ADE3BA0010336C /* Info.plist */ = {isa = PBXFileReference; lastKnownFileType = text.plist.xml; path = Info.plist; sourceTree = "<group>"; };
		CC655BBC20ADE3BA0010336C /* main.m */ = {isa = PBXFileReference; lastKnownFileType = sourcecode.c.objc; path = main.m; sourceTree = "<group>"; };
		CC655BC320ADEB8C0010336C /* ToDoListViewController.h */ = {isa = PBXFileReference; lastKnownFileType = sourcecode.c.h; path = ToDoListViewController.h; sourceTree = "<group>"; };
		CC655BC420ADEB8C0010336C /* ToDoListViewController.m */ = {isa = PBXFileReference; lastKnownFileType = sourcecode.c.objc; path = ToDoListViewController.m; sourceTree = "<group>"; };
		CC655BC820ADEBA80010336C /* MyListsViewController.h */ = {isa = PBXFileReference; lastKnownFileType = sourcecode.c.h; path = MyListsViewController.h; sourceTree = "<group>"; };
		CC655BC920ADEBA80010336C /* MyListsViewController.m */ = {isa = PBXFileReference; lastKnownFileType = sourcecode.c.objc; path = MyListsViewController.m; sourceTree = "<group>"; };
		CC655BCA20ADEBA80010336C /* MyListsViewController.xib */ = {isa = PBXFileReference; lastKnownFileType = file.xib; path = MyListsViewController.xib; sourceTree = "<group>"; };
		CC655BCE20ADF09D0010336C /* ToDoItemTableViewCell.h */ = {isa = PBXFileReference; lastKnownFileType = sourcecode.c.h; path = ToDoItemTableViewCell.h; sourceTree = "<group>"; };
		CC655BCF20ADF09D0010336C /* ToDoItemTableViewCell.m */ = {isa = PBXFileReference; lastKnownFileType = sourcecode.c.objc; path = ToDoItemTableViewCell.m; sourceTree = "<group>"; };
		CC655BD020ADF09D0010336C /* ToDoItemTableViewCell.xib */ = {isa = PBXFileReference; lastKnownFileType = file.xib; path = ToDoItemTableViewCell.xib; sourceTree = "<group>"; };
		CC655BD420ADF16C0010336C /* ToDoItem.h */ = {isa = PBXFileReference; lastKnownFileType = sourcecode.c.h; path = ToDoItem.h; sourceTree = "<group>"; };
		CC655BD520ADF16C0010336C /* ToDoItem.m */ = {isa = PBXFileReference; lastKnownFileType = sourcecode.c.objc; path = ToDoItem.m; sourceTree = "<group>"; };
		CC655BDA20ADF3AF0010336C /* Constants.h */ = {isa = PBXFileReference; lastKnownFileType = sourcecode.c.h; path = Constants.h; sourceTree = "<group>"; };
		CC655BDC20AE10960010336C /* ToDoItemViewController.h */ = {isa = PBXFileReference; lastKnownFileType = sourcecode.c.h; path = ToDoItemViewController.h; sourceTree = "<group>"; };
		CC655BDD20AE10960010336C /* ToDoItemViewController.m */ = {isa = PBXFileReference; lastKnownFileType = sourcecode.c.objc; path = ToDoItemViewController.m; sourceTree = "<group>"; };
		CC655BDE20AE10960010336C /* ToDoItemViewController.xib */ = {isa = PBXFileReference; lastKnownFileType = file.xib; path = ToDoItemViewController.xib; sourceTree = "<group>"; };
		CC655BE220AE27650010336C /* OFL.txt */ = {isa = PBXFileReference; fileEncoding = 4; lastKnownFileType = text; path = OFL.txt; sourceTree = "<group>"; };
		CC655BE320AE27650010336C /* Raleway-ExtraLightItalic.ttf */ = {isa = PBXFileReference; lastKnownFileType = file; path = "Raleway-ExtraLightItalic.ttf"; sourceTree = "<group>"; };
		CC655BE420AE27650010336C /* Raleway-BoldItalic.ttf */ = {isa = PBXFileReference; lastKnownFileType = file; path = "Raleway-BoldItalic.ttf"; sourceTree = "<group>"; };
		CC655BE520AE27650010336C /* Raleway-MediumItalic.ttf */ = {isa = PBXFileReference; lastKnownFileType = file; path = "Raleway-MediumItalic.ttf"; sourceTree = "<group>"; };
		CC655BE620AE27650010336C /* Raleway-ExtraBoldItalic.ttf */ = {isa = PBXFileReference; lastKnownFileType = file; path = "Raleway-ExtraBoldItalic.ttf"; sourceTree = "<group>"; };
		CC655BE720AE27650010336C /* Raleway-Black.ttf */ = {isa = PBXFileReference; lastKnownFileType = file; path = "Raleway-Black.ttf"; sourceTree = "<group>"; };
		CC655BE820AE27650010336C /* Raleway-Regular.ttf */ = {isa = PBXFileReference; lastKnownFileType = file; path = "Raleway-Regular.ttf"; sourceTree = "<group>"; };
		CC655BE920AE27660010336C /* Raleway-ExtraBold.ttf */ = {isa = PBXFileReference; lastKnownFileType = file; path = "Raleway-ExtraBold.ttf"; sourceTree = "<group>"; };
		CC655BEA20AE27660010336C /* Raleway-SemiBoldItalic.ttf */ = {isa = PBXFileReference; lastKnownFileType = file; path = "Raleway-SemiBoldItalic.ttf"; sourceTree = "<group>"; };
		CC655BEB20AE27660010336C /* Raleway-BlackItalic.ttf */ = {isa = PBXFileReference; lastKnownFileType = file; path = "Raleway-BlackItalic.ttf"; sourceTree = "<group>"; };
		CC655BEC20AE27660010336C /* Raleway-Bold.ttf */ = {isa = PBXFileReference; lastKnownFileType = file; path = "Raleway-Bold.ttf"; sourceTree = "<group>"; };
		CC655BED20AE27660010336C /* Raleway-Thin.ttf */ = {isa = PBXFileReference; lastKnownFileType = file; path = "Raleway-Thin.ttf"; sourceTree = "<group>"; };
		CC655BEE20AE27660010336C /* Raleway-ExtraLight.ttf */ = {isa = PBXFileReference; lastKnownFileType = file; path = "Raleway-ExtraLight.ttf"; sourceTree = "<group>"; };
		CC655BEF20AE27660010336C /* Raleway-Medium.ttf */ = {isa = PBXFileReference; lastKnownFileType = file; path = "Raleway-Medium.ttf"; sourceTree = "<group>"; };
		CC655BF020AE27660010336C /* Raleway-SemiBold.ttf */ = {isa = PBXFileReference; lastKnownFileType = file; path = "Raleway-SemiBold.ttf"; sourceTree = "<group>"; };
		CC655BF120AE27660010336C /* Raleway-ThinItalic.ttf */ = {isa = PBXFileReference; lastKnownFileType = file; path = "Raleway-ThinItalic.ttf"; sourceTree = "<group>"; };
		CC655BF220AE27670010336C /* Raleway-Light.ttf */ = {isa = PBXFileReference; lastKnownFileType = file; path = "Raleway-Light.ttf"; sourceTree = "<group>"; };
		CC655BF320AE27670010336C /* Raleway-Italic.ttf */ = {isa = PBXFileReference; lastKnownFileType = file; path = "Raleway-Italic.ttf"; sourceTree = "<group>"; };
		CC655BF420AE27670010336C /* Raleway-LightItalic.ttf */ = {isa = PBXFileReference; lastKnownFileType = file; path = "Raleway-LightItalic.ttf"; sourceTree = "<group>"; };
		CC655C0820AE38AB0010336C /* Utilities.h */ = {isa = PBXFileReference; lastKnownFileType = sourcecode.c.h; path = Utilities.h; sourceTree = "<group>"; };
		CC655C0920AE38AB0010336C /* Utilities.m */ = {isa = PBXFileReference; lastKnownFileType = sourcecode.c.objc; path = Utilities.m; sourceTree = "<group>"; };
		CC655C0B20AE7A090010336C /* NoMoreToDosTableViewCell.h */ = {isa = PBXFileReference; lastKnownFileType = sourcecode.c.h; path = NoMoreToDosTableViewCell.h; sourceTree = "<group>"; };
		CC655C0C20AE7A090010336C /* NoMoreToDosTableViewCell.m */ = {isa = PBXFileReference; lastKnownFileType = sourcecode.c.objc; path = NoMoreToDosTableViewCell.m; sourceTree = "<group>"; };
		CC655C0D20AE7A090010336C /* NoMoreToDosTableViewCell.xib */ = {isa = PBXFileReference; lastKnownFileType = file.xib; path = NoMoreToDosTableViewCell.xib; sourceTree = "<group>"; };
/* End PBXFileReference section */

/* Begin PBXFrameworksBuildPhase section */
		CC655BA720ADE3B90010336C /* Frameworks */ = {
			isa = PBXFrameworksBuildPhase;
			buildActionMask = 2147483647;
			files = (
			);
			runOnlyForDeploymentPostprocessing = 0;
		};
/* End PBXFrameworksBuildPhase section */

/* Begin PBXGroup section */
		CC655BA120ADE3B90010336C = {
			isa = PBXGroup;
			children = (
				CC655BDA20ADF3AF0010336C /* Constants.h */,
				CC655C0820AE38AB0010336C /* Utilities.h */,
				CC655C0920AE38AB0010336C /* Utilities.m */,
				CC655BAC20ADE3B90010336C /* ToDoApp */,
				CC655BAB20ADE3B90010336C /* Products */,
			);
			sourceTree = "<group>";
		};
		CC655BAB20ADE3B90010336C /* Products */ = {
			isa = PBXGroup;
			children = (
				CC655BAA20ADE3B90010336C /* ToDoApp.app */,
			);
			name = Products;
			sourceTree = "<group>";
		};
		CC655BAC20ADE3B90010336C /* ToDoApp */ = {
			isa = PBXGroup;
			children = (
				CC655BDB20AE050D0010336C /* To Do Item */,
				CC655BCD20ADF0820010336C /* To Do List */,
				CC655BD320ADF1530010336C /* Models */,
				CC655BE120AE27530010336C /* Font */,
				CC655BAD20ADE3BA0010336C /* AppDelegate.h */,
				CC655BAE20ADE3BA0010336C /* AppDelegate.m */,
				CC655BB020ADE3BA0010336C /* ViewController.h */,
				CC655BB120ADE3BA0010336C /* ViewController.m */,
				CC655BB320ADE3BA0010336C /* Main.storyboard */,
				CC655BB620ADE3BA0010336C /* Assets.xcassets */,
				CC655BB820ADE3BA0010336C /* LaunchScreen.storyboard */,
				CC655BBB20ADE3BA0010336C /* Info.plist */,
				CC655BBC20ADE3BA0010336C /* main.m */,
				CC655BC820ADEBA80010336C /* MyListsViewController.h */,
				CC655BC920ADEBA80010336C /* MyListsViewController.m */,
				CC655BCA20ADEBA80010336C /* MyListsViewController.xib */,
			);
			path = ToDoApp;
			sourceTree = "<group>";
		};
		CC655BCD20ADF0820010336C /* To Do List */ = {
			isa = PBXGroup;
			children = (
				CC655BC320ADEB8C0010336C /* ToDoListViewController.h */,
				CC655BC420ADEB8C0010336C /* ToDoListViewController.m */,
				CC655BCE20ADF09D0010336C /* ToDoItemTableViewCell.h */,
				CC655BCF20ADF09D0010336C /* ToDoItemTableViewCell.m */,
				CC655BD020ADF09D0010336C /* ToDoItemTableViewCell.xib */,
				CC655C0B20AE7A090010336C /* NoMoreToDosTableViewCell.h */,
				CC655C0C20AE7A090010336C /* NoMoreToDosTableViewCell.m */,
				CC655C0D20AE7A090010336C /* NoMoreToDosTableViewCell.xib */,
			);
			path = "To Do List";
			sourceTree = "<group>";
		};
		CC655BD320ADF1530010336C /* Models */ = {
			isa = PBXGroup;
			children = (
				CC655BD420ADF16C0010336C /* ToDoItem.h */,
				CC655BD520ADF16C0010336C /* ToDoItem.m */,
			);
			path = Models;
			sourceTree = "<group>";
		};
		CC655BDB20AE050D0010336C /* To Do Item */ = {
			isa = PBXGroup;
			children = (
				CC655BDC20AE10960010336C /* ToDoItemViewController.h */,
				CC655BDD20AE10960010336C /* ToDoItemViewController.m */,
				CC655BDE20AE10960010336C /* ToDoItemViewController.xib */,
			);
			path = "To Do Item";
			sourceTree = "<group>";
		};
		CC655BE120AE27530010336C /* Font */ = {
			isa = PBXGroup;
			children = (
				CC655BE220AE27650010336C /* OFL.txt */,
				CC655BE720AE27650010336C /* Raleway-Black.ttf */,
				CC655BEB20AE27660010336C /* Raleway-BlackItalic.ttf */,
				CC655BEC20AE27660010336C /* Raleway-Bold.ttf */,
				CC655BE420AE27650010336C /* Raleway-BoldItalic.ttf */,
				CC655BE920AE27660010336C /* Raleway-ExtraBold.ttf */,
				CC655BE620AE27650010336C /* Raleway-ExtraBoldItalic.ttf */,
				CC655BEE20AE27660010336C /* Raleway-ExtraLight.ttf */,
				CC655BE320AE27650010336C /* Raleway-ExtraLightItalic.ttf */,
				CC655BF320AE27670010336C /* Raleway-Italic.ttf */,
				CC655BF220AE27670010336C /* Raleway-Light.ttf */,
				CC655BF420AE27670010336C /* Raleway-LightItalic.ttf */,
				CC655BEF20AE27660010336C /* Raleway-Medium.ttf */,
				CC655BE520AE27650010336C /* Raleway-MediumItalic.ttf */,
				CC655BE820AE27650010336C /* Raleway-Regular.ttf */,
				CC655BF020AE27660010336C /* Raleway-SemiBold.ttf */,
				CC655BEA20AE27660010336C /* Raleway-SemiBoldItalic.ttf */,
				CC655BED20AE27660010336C /* Raleway-Thin.ttf */,
				CC655BF120AE27660010336C /* Raleway-ThinItalic.ttf */,
			);
			path = Font;
			sourceTree = "<group>";
		};
/* End PBXGroup section */

/* Begin PBXNativeTarget section */
		CC655BA920ADE3B90010336C /* ToDoApp */ = {
			isa = PBXNativeTarget;
			buildConfigurationList = CC655BC020ADE3BA0010336C /* Build configuration list for PBXNativeTarget "ToDoApp" */;
			buildPhases = (
				CC655BA620ADE3B90010336C /* Sources */,
				CC655BA720ADE3B90010336C /* Frameworks */,
				CC655BA820ADE3B90010336C /* Resources */,
			);
			buildRules = (
			);
			dependencies = (
			);
			name = ToDoApp;
			productName = ToDoApp;
			productReference = CC655BAA20ADE3B90010336C /* ToDoApp.app */;
			productType = "com.apple.product-type.application";
		};
/* End PBXNativeTarget section */

/* Begin PBXProject section */
		CC655BA220ADE3B90010336C /* Project object */ = {
			isa = PBXProject;
			attributes = {
				LastUpgradeCheck = 0920;
				ORGANIZATIONNAME = Rachel;
				TargetAttributes = {
					CC655BA920ADE3B90010336C = {
						CreatedOnToolsVersion = 9.2;
						ProvisioningStyle = Automatic;
					};
				};
			};
			buildConfigurationList = CC655BA520ADE3B90010336C /* Build configuration list for PBXProject "ToDoApp" */;
			compatibilityVersion = "Xcode 8.0";
			developmentRegion = en;
			hasScannedForEncodings = 0;
			knownRegions = (
				en,
				Base,
			);
			mainGroup = CC655BA120ADE3B90010336C;
			productRefGroup = CC655BAB20ADE3B90010336C /* Products */;
			projectDirPath = "";
			projectRoot = "";
			targets = (
				CC655BA920ADE3B90010336C /* ToDoApp */,
			);
		};
/* End PBXProject section */

/* Begin PBXResourcesBuildPhase section */
		CC655BA820ADE3B90010336C /* Resources */ = {
			isa = PBXResourcesBuildPhase;
			buildActionMask = 2147483647;
			files = (
				CC655BFF20AE27670010336C /* Raleway-Bold.ttf in Resources */,
				CC655BBA20ADE3BA0010336C /* LaunchScreen.storyboard in Resources */,
				CC655BCC20ADEBA80010336C /* MyListsViewController.xib in Resources */,
				CC655BFB20AE27670010336C /* Raleway-Regular.ttf in Resources */,
				CC655C0020AE27670010336C /* Raleway-Thin.ttf in Resources */,
				CC655C0F20AE7A090010336C /* NoMoreToDosTableViewCell.xib in Resources */,
				CC655BF620AE27670010336C /* Raleway-ExtraLightItalic.ttf in Resources */,
				CC655C0220AE27670010336C /* Raleway-Medium.ttf in Resources */,
				CC655BB720ADE3BA0010336C /* Assets.xcassets in Resources */,
				CC655BFC20AE27670010336C /* Raleway-ExtraBold.ttf in Resources */,
				CC655BF820AE27670010336C /* Raleway-MediumItalic.ttf in Resources */,
				CC655BD220ADF09D0010336C /* ToDoItemTableViewCell.xib in Resources */,
				CC655BE020AE10960010336C /* ToDoItemViewController.xib in Resources */,
				CC655C0120AE27670010336C /* Raleway-ExtraLight.ttf in Resources */,
				CC655BF920AE27670010336C /* Raleway-ExtraBoldItalic.ttf in Resources */,
				CC655C0520AE27670010336C /* Raleway-Light.ttf in Resources */,
				CC655C0620AE27670010336C /* Raleway-Italic.ttf in Resources */,
				CC655C0420AE27670010336C /* Raleway-ThinItalic.ttf in Resources */,
				CC655BF720AE27670010336C /* Raleway-BoldItalic.ttf in Resources */,
				CC655BF520AE27670010336C /* OFL.txt in Resources */,
				CC655BFD20AE27670010336C /* Raleway-SemiBoldItalic.ttf in Resources */,
				CC655BFA20AE27670010336C /* Raleway-Black.ttf in Resources */,
				CC655BB520ADE3BA0010336C /* Main.storyboard in Resources */,
				CC655C0720AE27670010336C /* Raleway-LightItalic.ttf in Resources */,
				CC655BFE20AE27670010336C /* Raleway-BlackItalic.ttf in Resources */,
				CC655C0320AE27670010336C /* Raleway-SemiBold.ttf in Resources */,
			);
			runOnlyForDeploymentPostprocessing = 0;
		};
/* End PBXResourcesBuildPhase section */

/* Begin PBXSourcesBuildPhase section */
		CC655BA620ADE3B90010336C /* Sources */ = {
			isa = PBXSourcesBuildPhase;
			buildActionMask = 2147483647;
			files = (
				CC655BC620ADEB8C0010336C /* ToDoListViewController.m in Sources */,
				CC655C0E20AE7A090010336C /* NoMoreToDosTableViewCell.m in Sources */,
				CC655BB220ADE3BA0010336C /* ViewController.m in Sources */,
				CC655BD620ADF16C0010336C /* ToDoItem.m in Sources */,
				CC655C0A20AE38AB0010336C /* Utilities.m in Sources */,
				CC655BD120ADF09D0010336C /* ToDoItemTableViewCell.m in Sources */,
				CC655BBD20ADE3BA0010336C /* main.m in Sources */,
				CC655BAF20ADE3BA0010336C /* AppDelegate.m in Sources */,
				CC655BCB20ADEBA80010336C /* MyListsViewController.m in Sources */,
				CC655BDF20AE10960010336C /* ToDoItemViewController.m in Sources */,
			);
			runOnlyForDeploymentPostprocessing = 0;
		};
/* End PBXSourcesBuildPhase section */

/* Begin PBXVariantGroup section */
		CC655BB320ADE3BA0010336C /* Main.storyboard */ = {
			isa = PBXVariantGroup;
			children = (
				CC655BB420ADE3BA0010336C /* Base */,
			);
			name = Main.storyboard;
			sourceTree = "<group>";
		};
		CC655BB820ADE3BA0010336C /* LaunchScreen.storyboard */ = {
			isa = PBXVariantGroup;
			children = (
				CC655BB920ADE3BA0010336C /* Base */,
			);
			name = LaunchScreen.storyboard;
			sourceTree = "<group>";
		};
/* End PBXVariantGroup section */

/* Begin XCBuildConfiguration section */
		CC655BBE20ADE3BA0010336C /* Debug */ = {
			isa = XCBuildConfiguration;
			buildSettings = {
				ALWAYS_SEARCH_USER_PATHS = NO;
				CLANG_ANALYZER_NONNULL = YES;
				CLANG_ANALYZER_NUMBER_OBJECT_CONVERSION = YES_AGGRESSIVE;
				CLANG_CXX_LANGUAGE_STANDARD = "gnu++14";
				CLANG_CXX_LIBRARY = "libc++";
				CLANG_ENABLE_MODULES = YES;
				CLANG_ENABLE_OBJC_ARC = YES;
				CLANG_WARN_BLOCK_CAPTURE_AUTORELEASING = YES;
				CLANG_WARN_BOOL_CONVERSION = YES;
				CLANG_WARN_COMMA = YES;
				CLANG_WARN_CONSTANT_CONVERSION = YES;
				CLANG_WARN_DIRECT_OBJC_ISA_USAGE = YES_ERROR;
				CLANG_WARN_DOCUMENTATION_COMMENTS = YES;
				CLANG_WARN_EMPTY_BODY = YES;
				CLANG_WARN_ENUM_CONVERSION = YES;
				CLANG_WARN_INFINITE_RECURSION = YES;
				CLANG_WARN_INT_CONVERSION = YES;
				CLANG_WARN_NON_LITERAL_NULL_CONVERSION = YES;
				CLANG_WARN_OBJC_LITERAL_CONVERSION = YES;
				CLANG_WARN_OBJC_ROOT_CLASS = YES_ERROR;
				CLANG_WARN_RANGE_LOOP_ANALYSIS = YES;
				CLANG_WARN_STRICT_PROTOTYPES = YES;
				CLANG_WARN_SUSPICIOUS_MOVE = YES;
				CLANG_WARN_UNGUARDED_AVAILABILITY = YES_AGGRESSIVE;
				CLANG_WARN_UNREACHABLE_CODE = YES;
				CLANG_WARN__DUPLICATE_METHOD_MATCH = YES;
				CODE_SIGN_IDENTITY = "iPhone Developer";
				COPY_PHASE_STRIP = NO;
				DEBUG_INFORMATION_FORMAT = dwarf;
				ENABLE_STRICT_OBJC_MSGSEND = YES;
				ENABLE_TESTABILITY = YES;
				GCC_C_LANGUAGE_STANDARD = gnu11;
				GCC_DYNAMIC_NO_PIC = NO;
				GCC_NO_COMMON_BLOCKS = YES;
				GCC_OPTIMIZATION_LEVEL = 0;
				GCC_PREPROCESSOR_DEFINITIONS = (
					"DEBUG=1",
					"$(inherited)",
				);
				GCC_WARN_64_TO_32_BIT_CONVERSION = YES;
				GCC_WARN_ABOUT_RETURN_TYPE = YES_ERROR;
				GCC_WARN_UNDECLARED_SELECTOR = YES;
				GCC_WARN_UNINITIALIZED_AUTOS = YES_AGGRESSIVE;
				GCC_WARN_UNUSED_FUNCTION = YES;
				GCC_WARN_UNUSED_VARIABLE = YES;
				IPHONEOS_DEPLOYMENT_TARGET = 11.2;
				MTL_ENABLE_DEBUG_INFO = YES;
				ONLY_ACTIVE_ARCH = YES;
				SDKROOT = iphoneos;
			};
			name = Debug;
		};
		CC655BBF20ADE3BA0010336C /* Release */ = {
			isa = XCBuildConfiguration;
			buildSettings = {
				ALWAYS_SEARCH_USER_PATHS = NO;
				CLANG_ANALYZER_NONNULL = YES;
				CLANG_ANALYZER_NUMBER_OBJECT_CONVERSION = YES_AGGRESSIVE;
				CLANG_CXX_LANGUAGE_STANDARD = "gnu++14";
				CLANG_CXX_LIBRARY = "libc++";
				CLANG_ENABLE_MODULES = YES;
				CLANG_ENABLE_OBJC_ARC = YES;
				CLANG_WARN_BLOCK_CAPTURE_AUTORELEASING = YES;
				CLANG_WARN_BOOL_CONVERSION = YES;
				CLANG_WARN_COMMA = YES;
				CLANG_WARN_CONSTANT_CONVERSION = YES;
				CLANG_WARN_DIRECT_OBJC_ISA_USAGE = YES_ERROR;
				CLANG_WARN_DOCUMENTATION_COMMENTS = YES;
				CLANG_WARN_EMPTY_BODY = YES;
				CLANG_WARN_ENUM_CONVERSION = YES;
				CLANG_WARN_INFINITE_RECURSION = YES;
				CLANG_WARN_INT_CONVERSION = YES;
				CLANG_WARN_NON_LITERAL_NULL_CONVERSION = YES;
				CLANG_WARN_OBJC_LITERAL_CONVERSION = YES;
				CLANG_WARN_OBJC_ROOT_CLASS = YES_ERROR;
				CLANG_WARN_RANGE_LOOP_ANALYSIS = YES;
				CLANG_WARN_STRICT_PROTOTYPES = YES;
				CLANG_WARN_SUSPICIOUS_MOVE = YES;
				CLANG_WARN_UNGUARDED_AVAILABILITY = YES_AGGRESSIVE;
				CLANG_WARN_UNREACHABLE_CODE = YES;
				CLANG_WARN__DUPLICATE_METHOD_MATCH = YES;
				CODE_SIGN_IDENTITY = "iPhone Developer";
				COPY_PHASE_STRIP = NO;
				DEBUG_INFORMATION_FORMAT = "dwarf-with-dsym";
				ENABLE_NS_ASSERTIONS = NO;
				ENABLE_STRICT_OBJC_MSGSEND = YES;
				GCC_C_LANGUAGE_STANDARD = gnu11;
				GCC_NO_COMMON_BLOCKS = YES;
				GCC_WARN_64_TO_32_BIT_CONVERSION = YES;
				GCC_WARN_ABOUT_RETURN_TYPE = YES_ERROR;
				GCC_WARN_UNDECLARED_SELECTOR = YES;
				GCC_WARN_UNINITIALIZED_AUTOS = YES_AGGRESSIVE;
				GCC_WARN_UNUSED_FUNCTION = YES;
				GCC_WARN_UNUSED_VARIABLE = YES;
				IPHONEOS_DEPLOYMENT_TARGET = 11.2;
				MTL_ENABLE_DEBUG_INFO = NO;
				SDKROOT = iphoneos;
				VALIDATE_PRODUCT = YES;
			};
			name = Release;
		};
		CC655BC120ADE3BA0010336C /* Debug */ = {
			isa = XCBuildConfiguration;
			buildSettings = {
				ASSETCATALOG_COMPILER_APPICON_NAME = AppIcon;
				CODE_SIGN_STYLE = Automatic;
				DEVELOPMENT_TEAM = X7FF3N72Z3;
				INFOPLIST_FILE = ToDoApp/Info.plist;
				IPHONEOS_DEPLOYMENT_TARGET = 10.0;
				LD_RUNPATH_SEARCH_PATHS = "$(inherited) @executable_path/Frameworks";
				PRODUCT_BUNDLE_IDENTIFIER = rachelgrau.ToDoApp;
				PRODUCT_NAME = "$(TARGET_NAME)";
				TARGETED_DEVICE_FAMILY = "1,2";
			};
			name = Debug;
		};
		CC655BC220ADE3BA0010336C /* Release */ = {
			isa = XCBuildConfiguration;
			buildSettings = {
				ASSETCATALOG_COMPILER_APPICON_NAME = AppIcon;
				CODE_SIGN_STYLE = Automatic;
				DEVELOPMENT_TEAM = X7FF3N72Z3;
				INFOPLIST_FILE = ToDoApp/Info.plist;
				IPHONEOS_DEPLOYMENT_TARGET = 10.0;
				LD_RUNPATH_SEARCH_PATHS = "$(inherited) @executable_path/Frameworks";
				PRODUCT_BUNDLE_IDENTIFIER = rachelgrau.ToDoApp;
				PRODUCT_NAME = "$(TARGET_NAME)";
				TARGETED_DEVICE_FAMILY = "1,2";
			};
			name = Release;
		};
/* End XCBuildConfiguration section */

/* Begin XCConfigurationList section */
		CC655BA520ADE3B90010336C /* Build configuration list for PBXProject "ToDoApp" */ = {
			isa = XCConfigurationList;
			buildConfigurations = (
				CC655BBE20ADE3BA0010336C /* Debug */,
				CC655BBF20ADE3BA0010336C /* Release */,
			);
			defaultConfigurationIsVisible = 0;
			defaultConfigurationName = Release;
		};
		CC655BC020ADE3BA0010336C /* Build configuration list for PBXNativeTarget "ToDoApp" */ = {
			isa = XCConfigurationList;
			buildConfigurations = (
				CC655BC120ADE3BA0010336C /* Debug */,
				CC655BC220ADE3BA0010336C /* Release */,
			);
			defaultConfigurationIsVisible = 0;
			defaultConfigurationName = Release;
		};
/* End XCConfigurationList section */
	};
	rootObject = CC655BA220ADE3B90010336C /* Project object */;
}
